// !$*UTF8*$!
{
	archiveVersion = 1;
	classes = {
	};
	objectVersion = 50;
	objects = {

/* Begin PBXBuildFile section */
		59BC8EF124EC2AD000C3049F /* AppDelegate.swift in Sources */ = {isa = PBXBuildFile; fileRef = 59BC8EF024EC2AD000C3049F /* AppDelegate.swift */; };
		59BC8EF324EC2AD000C3049F /* Scene.sks in Resources */ = {isa = PBXBuildFile; fileRef = 59BC8EF224EC2AD000C3049F /* Scene.sks */; };
		59BC8EF524EC2AD000C3049F /* Scene.swift in Sources */ = {isa = PBXBuildFile; fileRef = 59BC8EF424EC2AD000C3049F /* Scene.swift */; };
		59BC8EF724EC2AD000C3049F /* ViewController.swift in Sources */ = {isa = PBXBuildFile; fileRef = 59BC8EF624EC2AD000C3049F /* ViewController.swift */; };
		59BC8EFA24EC2AD000C3049F /* Main.storyboard in Resources */ = {isa = PBXBuildFile; fileRef = 59BC8EF824EC2AD000C3049F /* Main.storyboard */; };
		59BC8EFC24EC2AD400C3049F /* Assets.xcassets in Resources */ = {isa = PBXBuildFile; fileRef = 59BC8EFB24EC2AD400C3049F /* Assets.xcassets */; };
		59BC8EFF24EC2AD400C3049F /* LaunchScreen.storyboard in Resources */ = {isa = PBXBuildFile; fileRef = 59BC8EFD24EC2AD400C3049F /* LaunchScreen.storyboard */; };
/* End PBXBuildFile section */

/* Begin PBXFileReference section */
		59BC8EED24EC2AD000C3049F /* RecordARKit.app */ = {isa = PBXFileReference; explicitFileType = wrapper.application; includeInIndex = 0; path = RecordARKit.app; sourceTree = BUILT_PRODUCTS_DIR; };
		59BC8EF024EC2AD000C3049F /* AppDelegate.swift */ = {isa = PBXFileReference; lastKnownFileType = sourcecode.swift; path = AppDelegate.swift; sourceTree = "<group>"; };
		59BC8EF224EC2AD000C3049F /* Scene.sks */ = {isa = PBXFileReference; lastKnownFileType = file.sks; path = Scene.sks; sourceTree = "<group>"; };
		59BC8EF424EC2AD000C3049F /* Scene.swift */ = {isa = PBXFileReference; lastKnownFileType = sourcecode.swift; path = Scene.swift; sourceTree = "<group>"; };
		59BC8EF624EC2AD000C3049F /* ViewController.swift */ = {isa = PBXFileReference; lastKnownFileType = sourcecode.swift; path = ViewController.swift; sourceTree = "<group>"; };
		59BC8EF924EC2AD000C3049F /* Base */ = {isa = PBXFileReference; lastKnownFileType = file.storyboard; name = Base; path = Base.lproj/Main.storyboard; sourceTree = "<group>"; };
		59BC8EFB24EC2AD400C3049F /* Assets.xcassets */ = {isa = PBXFileReference; lastKnownFileType = folder.assetcatalog; path = Assets.xcassets; sourceTree = "<group>"; };
		59BC8EFE24EC2AD400C3049F /* Base */ = {isa = PBXFileReference; lastKnownFileType = file.storyboard; name = Base; path = Base.lproj/LaunchScreen.storyboard; sourceTree = "<group>"; };
		59BC8F0024EC2AD400C3049F /* Info.plist */ = {isa = PBXFileReference; lastKnownFileType = text.plist.xml; path = Info.plist; sourceTree = "<group>"; };
/* End PBXFileReference section */

/* Begin PBXFrameworksBuildPhase section */
		59BC8EEA24EC2AD000C3049F /* Frameworks */ = {
			isa = PBXFrameworksBuildPhase;
			buildActionMask = 2147483647;
			files = (
			);
			runOnlyForDeploymentPostprocessing = 0;
		};
/* End PBXFrameworksBuildPhase section */

/* Begin PBXGroup section */
		59BC8EE424EC2AD000C3049F = {
			isa = PBXGroup;
			children = (
				59BC8EEF24EC2AD000C3049F /* RecordARKit */,
				59BC8EEE24EC2AD000C3049F /* Products */,
			);
			sourceTree = "<group>";
		};
		59BC8EEE24EC2AD000C3049F /* Products */ = {
			isa = PBXGroup;
			children = (
				59BC8EED24EC2AD000C3049F /* RecordARKit.app */,
			);
			name = Products;
			sourceTree = "<group>";
		};
		59BC8EEF24EC2AD000C3049F /* RecordARKit */ = {
			isa = PBXGroup;
			children = (
				59BC8EF024EC2AD000C3049F /* AppDelegate.swift */,
				59BC8EF224EC2AD000C3049F /* Scene.sks */,
				59BC8EF424EC2AD000C3049F /* Scene.swift */,
				59BC8EF624EC2AD000C3049F /* ViewController.swift */,
				59BC8EF824EC2AD000C3049F /* Main.storyboard */,
				59BC8EFB24EC2AD400C3049F /* Assets.xcassets */,
				59BC8EFD24EC2AD400C3049F /* LaunchScreen.storyboard */,
				59BC8F0024EC2AD400C3049F /* Info.plist */,
			);
			path = RecordARKit;
			sourceTree = "<group>";
		};
/* End PBXGroup section */

/* Begin PBXNativeTarget section */
		59BC8EEC24EC2AD000C3049F /* RecordARKit */ = {
			isa = PBXNativeTarget;
			buildConfigurationList = 59BC8F0324EC2AD400C3049F /* Build configuration list for PBXNativeTarget "RecordARKit" */;
			buildPhases = (
				59BC8EE924EC2AD000C3049F /* Sources */,
				59BC8EEA24EC2AD000C3049F /* Frameworks */,
				59BC8EEB24EC2AD000C3049F /* Resources */,
			);
			buildRules = (
			);
			dependencies = (
			);
			name = RecordARKit;
			productName = RecordARKit;
			productReference = 59BC8EED24EC2AD000C3049F /* RecordARKit.app */;
			productType = "com.apple.product-type.application";
		};
/* End PBXNativeTarget section */

/* Begin PBXProject section */
		59BC8EE524EC2AD000C3049F /* Project object */ = {
			isa = PBXProject;
			attributes = {
				LastSwiftUpdateCheck = 1160;
				LastUpgradeCheck = 1160;
				ORGANIZATIONNAME = "zeynep tokcan";
				TargetAttributes = {
					59BC8EEC24EC2AD000C3049F = {
						CreatedOnToolsVersion = 11.6;
					};
				};
			};
			buildConfigurationList = 59BC8EE824EC2AD000C3049F /* Build configuration list for PBXProject "RecordARKit" */;
			compatibilityVersion = "Xcode 9.3";
			developmentRegion = en;
			hasScannedForEncodings = 0;
			knownRegions = (
				en,
				Base,
			);
			mainGroup = 59BC8EE424EC2AD000C3049F;
			productRefGroup = 59BC8EEE24EC2AD000C3049F /* Products */;
			projectDirPath = "";
			projectRoot = "";
			targets = (
				59BC8EEC24EC2AD000C3049F /* RecordARKit */,
			);
		};
/* End PBXProject section */

/* Begin PBXResourcesBuildPhase section */
		59BC8EEB24EC2AD000C3049F /* Resources */ = {
			isa = PBXResourcesBuildPhase;
			buildActionMask = 2147483647;
			files = (
				59BC8EF324EC2AD000C3049F /* Scene.sks in Resources */,
				59BC8EFF24EC2AD400C3049F /* LaunchScreen.storyboard in Resources */,
				59BC8EFC24EC2AD400C3049F /* Assets.xcassets in Resources */,
				59BC8EFA24EC2AD000C3049F /* Main.storyboard in Resources */,
			);
			runOnlyForDeploymentPostprocessing = 0;
		};
/* End PBXResourcesBuildPhase section */

/* Begin PBXSourcesBuildPhase section */
		59BC8EE924EC2AD000C3049F /* Sources */ = {
			isa = PBXSourcesBuildPhase;
			buildActionMask = 2147483647;
			files = (
				59BC8EF724EC2AD000C3049F /* ViewController.swift in Sources */,
				59BC8EF524EC2AD000C3049F /* Scene.swift in Sources */,
				59BC8EF124EC2AD000C3049F /* AppDelegate.swift in Sources */,
			);
			runOnlyForDeploymentPostprocessing = 0;
		};
/* End PBXSourcesBuildPhase section */

/* Begin PBXVariantGroup section */
		59BC8EF824EC2AD000C3049F /* Main.storyboard */ = {
			isa = PBXVariantGroup;
			children = (
				59BC8EF924EC2AD000C3049F /* Base */,
			);
			name = Main.storyboard;
			sourceTree = "<group>";
		};
		59BC8EFD24EC2AD400C3049F /* LaunchScreen.storyboard */ = {
			isa = PBXVariantGroup;
			children = (
				59BC8EFE24EC2AD400C3049F /* Base */,
			);
			name = LaunchScreen.storyboard;
			sourceTree = "<group>";
		};
/* End PBXVariantGroup section */

/* Begin XCBuildConfiguration section */
		59BC8F0124EC2AD400C3049F /* Debug */ = {
			isa = XCBuildConfiguration;
			buildSettings = {
				ALWAYS_SEARCH_USER_PATHS = NO;
				CLANG_ANALYZER_NONNULL = YES;
				CLANG_ANALYZER_NUMBER_OBJECT_CONVERSION = YES_AGGRESSIVE;
				CLANG_CXX_LANGUAGE_STANDARD = "gnu++14";
				CLANG_CXX_LIBRARY = "libc++";
				CLANG_ENABLE_MODULES = YES;
				CLANG_ENABLE_OBJC_ARC = YES;
				CLANG_ENABLE_OBJC_WEAK = YES;
				CLANG_WARN_BLOCK_CAPTURE_AUTORELEASING = YES;
				CLANG_WARN_BOOL_CONVERSION = YES;
				CLANG_WARN_COMMA = YES;
				CLANG_WARN_CONSTANT_CONVERSION = YES;
				CLANG_WARN_DEPRECATED_OBJC_IMPLEMENTATIONS = YES;
				CLANG_WARN_DIRECT_OBJC_ISA_USAGE = YES_ERROR;
				CLANG_WARN_DOCUMENTATION_COMMENTS = YES;
				CLANG_WARN_EMPTY_BODY = YES;
				CLANG_WARN_ENUM_CONVERSION = YES;
				CLANG_WARN_INFINITE_RECURSION = YES;
				CLANG_WARN_INT_CONVERSION = YES;
				CLANG_WARN_NON_LITERAL_NULL_CONVERSION = YES;
				CLANG_WARN_OBJC_IMPLICIT_RETAIN_SELF = YES;
				CLANG_WARN_OBJC_LITERAL_CONVERSION = YES;
				CLANG_WARN_OBJC_ROOT_CLASS = YES_ERROR;
				CLANG_WARN_RANGE_LOOP_ANALYSIS = YES;
				CLANG_WARN_STRICT_PROTOTYPES = YES;
				CLANG_WARN_SUSPICIOUS_MOVE = YES;
				CLANG_WARN_UNGUARDED_AVAILABILITY = YES_AGGRESSIVE;
				CLANG_WARN_UNREACHABLE_CODE = YES;
				CLANG_WARN__DUPLICATE_METHOD_MATCH = YES;
				COPY_PHASE_STRIP = NO;
				DEBUG_INFORMATION_FORMAT = dwarf;
				ENABLE_STRICT_OBJC_MSGSEND = YES;
				ENABLE_TESTABILITY = YES;
				GCC_C_LANGUAGE_STANDARD = gnu11;
				GCC_DYNAMIC_NO_PIC = NO;
				GCC_NO_COMMON_BLOCKS = YES;
				GCC_OPTIMIZATION_LEVEL = 0;
				GCC_PREPROCESSOR_DEFINITIONS = (
					"DEBUG=1",
					"$(inherited)",
				);
				GCC_WARN_64_TO_32_BIT_CONVERSION = YES;
				GCC_WARN_ABOUT_RETURN_TYPE = YES_ERROR;
				GCC_WARN_UNDECLARED_SELECTOR = YES;
				GCC_WARN_UNINITIALIZED_AUTOS = YES_AGGRESSIVE;
				GCC_WARN_UNUSED_FUNCTION = YES;
				GCC_WARN_UNUSED_VARIABLE = YES;
				IPHONEOS_DEPLOYMENT_TARGET = 13.6;
				MTL_ENABLE_DEBUG_INFO = INCLUDE_SOURCE;
				MTL_FAST_MATH = YES;
				ONLY_ACTIVE_ARCH = YES;
				SDKROOT = iphoneos;
				SWIFT_ACTIVE_COMPILATION_CONDITIONS = DEBUG;
				SWIFT_OPTIMIZATION_LEVEL = "-Onone";
			};
			name = Debug;
		};
		59BC8F0224EC2AD400C3049F /* Release */ = {
			isa = XCBuildConfiguration;
			buildSettings = {
				ALWAYS_SEARCH_USER_PATHS = NO;
				CLANG_ANALYZER_NONNULL = YES;
				CLANG_ANALYZER_NUMBER_OBJECT_CONVERSION = YES_AGGRESSIVE;
				CLANG_CXX_LANGUAGE_STANDARD = "gnu++14";
				CLANG_CXX_LIBRARY = "libc++";
				CLANG_ENABLE_MODULES = YES;
				CLANG_ENABLE_OBJC_ARC = YES;
				CLANG_ENABLE_OBJC_WEAK = YES;
				CLANG_WARN_BLOCK_CAPTURE_AUTORELEASING = YES;
				CLANG_WARN_BOOL_CONVERSION = YES;
				CLANG_WARN_COMMA = YES;
				CLANG_WARN_CONSTANT_CONVERSION = YES;
				CLANG_WARN_DEPRECATED_OBJC_IMPLEMENTATIONS = YES;
				CLANG_WARN_DIRECT_OBJC_ISA_USAGE = YES_ERROR;
				CLANG_WARN_DOCUMENTATION_COMMENTS = YES;
				CLANG_WARN_EMPTY_BODY = YES;
				CLANG_WARN_ENUM_CONVERSION = YES;
				CLANG_WARN_INFINITE_RECURSION = YES;
				CLANG_WARN_INT_CONVERSION = YES;
				CLANG_WARN_NON_LITERAL_NULL_CONVERSION = YES;
				CLANG_WARN_OBJC_IMPLICIT_RETAIN_SELF = YES;
				CLANG_WARN_OBJC_LITERAL_CONVERSION = YES;
				CLANG_WARN_OBJC_ROOT_CLASS = YES_ERROR;
				CLANG_WARN_RANGE_LOOP_ANALYSIS = YES;
				CLANG_WARN_STRICT_PROTOTYPES = YES;
				CLANG_WARN_SUSPICIOUS_MOVE = YES;
				CLANG_WARN_UNGUARDED_AVAILABILITY = YES_AGGRESSIVE;
				CLANG_WARN_UNREACHABLE_CODE = YES;
				CLANG_WARN__DUPLICATE_METHOD_MATCH = YES;
				COPY_PHASE_STRIP = NO;
				DEBUG_INFORMATION_FORMAT = "dwarf-with-dsym";
				ENABLE_NS_ASSERTIONS = NO;
				ENABLE_STRICT_OBJC_MSGSEND = YES;
				GCC_C_LANGUAGE_STANDARD = gnu11;
				GCC_NO_COMMON_BLOCKS = YES;
				GCC_WARN_64_TO_32_BIT_CONVERSION = YES;
				GCC_WARN_ABOUT_RETURN_TYPE = YES_ERROR;
				GCC_WARN_UNDECLARED_SELECTOR = YES;
				GCC_WARN_UNINITIALIZED_AUTOS = YES_AGGRESSIVE;
				GCC_WARN_UNUSED_FUNCTION = YES;
				GCC_WARN_UNUSED_VARIABLE = YES;
				IPHONEOS_DEPLOYMENT_TARGET = 13.6;
				MTL_ENABLE_DEBUG_INFO = NO;
				MTL_FAST_MATH = YES;
				SDKROOT = iphoneos;
				SWIFT_COMPILATION_MODE = wholemodule;
				SWIFT_OPTIMIZATION_LEVEL = "-O";
				VALIDATE_PRODUCT = YES;
			};
			name = Release;
		};
		59BC8F0424EC2AD400C3049F /* Debug */ = {
			isa = XCBuildConfiguration;
			buildSettings = {
				ASSETCATALOG_COMPILER_APPICON_NAME = AppIcon;
				CODE_SIGN_STYLE = Automatic;
				DEVELOPMENT_TEAM = F966A2BH3H;
				INFOPLIST_FILE = RecordARKit/Info.plist;
				LD_RUNPATH_SEARCH_PATHS = (
					"$(inherited)",
					"@executable_path/Frameworks",
				);
				PRODUCT_BUNDLE_IDENTIFIER = dzeynept.RecordARKit;
				PRODUCT_NAME = "$(TARGET_NAME)";
				SWIFT_VERSION = 5.0;
				TARGETED_DEVICE_FAMILY = "1,2";
			};
			name = Debug;
		};
		59BC8F0524EC2AD400C3049F /* Release */ = {
			isa = XCBuildConfiguration;
			buildSettings = {
				ASSETCATALOG_COMPILER_APPICON_NAME = AppIcon;
				CODE_SIGN_STYLE = Automatic;
				DEVELOPMENT_TEAM = F966A2BH3H;
				INFOPLIST_FILE = RecordARKit/Info.plist;
				LD_RUNPATH_SEARCH_PATHS = (
					"$(inherited)",
					"@executable_path/Frameworks",
				);
				PRODUCT_BUNDLE_IDENTIFIER = dzeynept.RecordARKit;
				PRODUCT_NAME = "$(TARGET_NAME)";
				SWIFT_VERSION = 5.0;
				TARGETED_DEVICE_FAMILY = "1,2";
			};
			name = Release;
		};
/* End XCBuildConfiguration section */

/* Begin XCConfigurationList section */
		59BC8EE824EC2AD000C3049F /* Build configuration list for PBXProject "RecordARKit" */ = {
			isa = XCConfigurationList;
			buildConfigurations = (
				59BC8F0124EC2AD400C3049F /* Debug */,
				59BC8F0224EC2AD400C3049F /* Release */,
			);
			defaultConfigurationIsVisible = 0;
			defaultConfigurationName = Release;
		};
		59BC8F0324EC2AD400C3049F /* Build configuration list for PBXNativeTarget "RecordARKit" */ = {
			isa = XCConfigurationList;
			buildConfigurations = (
				59BC8F0424EC2AD400C3049F /* Debug */,
				59BC8F0524EC2AD400C3049F /* Release */,
			);
			defaultConfigurationIsVisible = 0;
			defaultConfigurationName = Release;
		};
/* End XCConfigurationList section */
	};
	rootObject = 59BC8EE524EC2AD000C3049F /* Project object */;
}
